# This file was autogenerated by Stack.
# You should not edit this file by hand.
# For more information, please see the documentation at:
#   https://docs.haskellstack.org/en/stable/lock_files

packages:
- completed:
    hackage: unordered-containers-0.2.10.0@sha256:5e9b095a9283d9e2f064fec73a81a6b6ea0b7fda3f219a8175785d2d2a3de204,5199
    pantry-tree:
      size: 1415
      sha256: dfc2d75f4e59c03e2c68be6909b577f26991367134eaac06a407e940e66856ae
  original:
    hackage: unordered-containers-0.2.10.0
- completed:
    hackage: aeson-1.4.7.1@sha256:6d8d2fd959b7122a1df9389cf4eca30420a053d67289f92cdc0dbc0dab3530ba,7098
    pantry-tree:
      size: 40133
      sha256: caa9306e519c601ab0170d113daa03c1163db53e5466be2968bbd61a771bebcb
  original:
    hackage: aeson-1.4.7.1
- completed:
    hackage: hspec-2.7.1@sha256:0aa48928ce80a34f8ff8c5ef114bb6807edfb8d884bcd7211eceed710e7fb7a8,1769
    pantry-tree:
      size: 532
      sha256: 8128733a7ef4760bbe5d978f2145fdcb29f4491b17db11e8c05b409441ceecb4
  original:
    hackage: hspec-2.7.1
- completed:
    hackage: text-1.2.4.0@sha256:8c24450feb8e3bbb7ea3e17af24ef57e85db077c4bf53e5bcc345b283d1b1d5b,10081
    pantry-tree:
      size: 7457
      sha256: 3437b0a73ce2ae1a81aa8b3438d41a85981c00894cdbee0d6d6d6873046a5d5d
  original:
    hackage: text-1.2.4.0
- completed:
    hackage: vector-0.12.1.2@sha256:9291bc581f36e51d5bda9fce57cb980fbec3dd292996896f285fef39eb80a9a0,7364
    pantry-tree:
      size: 3784
      sha256: f79eefc8ba2b57ded2276f48046e64663d37b210b6047b6b6ecb30c9da196216
  original:
    hackage: vector-0.12.1.2
- completed:
    hackage: yaml-0.11.3.0@sha256:8861d89a2237a455869dc602a773311f45e68a70fee618d0c303b46c05ac1b1d,5109
    pantry-tree:
      size: 1988
      sha256: 191ee198b9a0801d1ca3e803b50a2a5213896b72c353ad592b3fb25d59dd48b6
  original:
    hackage: yaml-0.11.3.0
snapshots:
- completed:
    size: 492027
    url: https://raw.githubusercontent.com/commercialhaskell/stackage-snapshots/master/lts/15/9.yaml
    sha256: 11394dc975e96c2fea90f7f2b3229630d46351a092ebcec78f0a56403930b429
  original: lts-15.9
